
Microsoft Visual Studio Solution File, Format Version 12.00
# Visual Studio Version 16
VisualStudioVersion = 16.0.29519.87
MinimumVisualStudioVersion = 10.0.40219.1
Project("{FAE04EC0-301F-11D3-BF4B-00C04F79EFBC}") = "Leson3", "Leson3\Leson3.csproj", "{E76BC62C-E371-44C6-AA7B-839CBADB37FC}"
EndProject
Global
	GlobalSection(SolutionConfigurationPlatforms) = preSolution
		Debug|Any CPU = Debug|Any CPU
		Release|Any CPU = Release|Any CPU
	EndGlobalSection
	GlobalSection(ProjectConfigurationPlatforms) = postSolution
		{E76BC62C-E371-44C6-AA7B-839CBADB37FC}.Debug|Any CPU.ActiveCfg = Debug|Any CPU
		{E76BC62C-E371-44C6-AA7B-839CBADB37FC}.Debug|Any CPU.Build.0 = Debug|Any CPU
		{E76BC62C-E371-44C6-AA7B-839CBADB37FC}.Release|Any CPU.ActiveCfg = Release|Any CPU
		{E76BC62C-E371-44C6-AA7B-839CBADB37FC}.Release|Any CPU.Build.0 = Release|Any CPU
	EndGlobalSection
	GlobalSection(SolutionProperties) = preSolution
		HideSolutionNode = FALSE
	EndGlobalSection
	GlobalSection(ExtensibilityGlobals) = postSolution
		SolutionGuid = {C9605D58-7795-492C-A577-718DC82F88C7}
	EndGlobalSection
EndGlobal
